Microsoft Visual Studio Solution File, Format Version 12.00
# Visual Studio 15
VisualStudioVersion = 15.0.27703.2035
MinimumVisualStudioVersion = 10.0.40219.1
Project("{9A19103F-16F7-4668-BE54-9A1E7A4F7556}") = "FriendsTracker", "WebApplicationTest3\FriendsTracker.csproj", "{D1C29EDB-4044-4737-87D3-728A0C7004D8}"
EndProject
Project("{E53339B2-1760-4266-BCC7-CA923CBCF16C}") = "docker-compose", "docker-compose.dcproj", "{36566752-80A6-439B-9A24-37CBC73A7B4B}"
EndProject
Project("{9A19103F-16F7-4668-BE54-9A1E7A4F7556}") = "FriendsTrackerUnitTests", "Test3UnitTests\FriendsTrackerUnitTests.csproj", "{377F908E-9397-459C-88C9-7428A4DB3069}"
EndProject
Global
	GlobalSection(SolutionConfigurationPlatforms) = preSolution
		Debug|Any CPU = Debug|Any CPU
		Debug|x64 = Debug|x64
		Debug|x86 = Debug|x86
		Release|Any CPU = Release|Any CPU
		Release|x64 = Release|x64
		Release|x86 = Release|x86
	EndGlobalSection
	GlobalSection(ProjectConfigurationPlatforms) = postSolution
		{D1C29EDB-4044-4737-87D3-728A0C7004D8}.Debug|Any CPU.ActiveCfg = Debug|Any CPU
		{D1C29EDB-4044-4737-87D3-728A0C7004D8}.Debug|Any CPU.Build.0 = Debug|Any CPU
		{D1C29EDB-4044-4737-87D3-728A0C7004D8}.Debug|x64.ActiveCfg = Debug|Any CPU
		{D1C29EDB-4044-4737-87D3-728A0C7004D8}.Debug|x64.Build.0 = Debug|Any CPU
		{D1C29EDB-4044-4737-87D3-728A0C7004D8}.Debug|x86.ActiveCfg = Debug|Any CPU
		{D1C29EDB-4044-4737-87D3-728A0C7004D8}.Debug|x86.Build.0 = Debug|Any CPU
		{D1C29EDB-4044-4737-87D3-728A0C7004D8}.Release|Any CPU.ActiveCfg = Release|Any CPU
		{D1C29EDB-4044-4737-87D3-728A0C7004D8}.Release|Any CPU.Build.0 = Release|Any CPU
		{D1C29EDB-4044-4737-87D3-728A0C7004D8}.Release|x64.ActiveCfg = Release|Any CPU
		{D1C29EDB-4044-4737-87D3-728A0C7004D8}.Release|x64.Build.0 = Release|Any CPU
		{D1C29EDB-4044-4737-87D3-728A0C7004D8}.Release|x86.ActiveCfg = Release|Any CPU
		{D1C29EDB-4044-4737-87D3-728A0C7004D8}.Release|x86.Build.0 = Release|Any CPU
		{36566752-80A6-439B-9A24-37CBC73A7B4B}.Debug|Any CPU.ActiveCfg = Debug|Any CPU
		{36566752-80A6-439B-9A24-37CBC73A7B4B}.Debug|Any CPU.Build.0 = Debug|Any CPU
		{36566752-80A6-439B-9A24-37CBC73A7B4B}.Debug|x64.ActiveCfg = Debug|Any CPU
		{36566752-80A6-439B-9A24-37CBC73A7B4B}.Debug|x64.Build.0 = Debug|Any CPU
		{36566752-80A6-439B-9A24-37CBC73A7B4B}.Debug|x86.ActiveCfg = Debug|Any CPU
		{36566752-80A6-439B-9A24-37CBC73A7B4B}.Debug|x86.Build.0 = Debug|Any CPU
		{36566752-80A6-439B-9A24-37CBC73A7B4B}.Release|Any CPU.ActiveCfg = Release|Any CPU
		{36566752-80A6-439B-9A24-37CBC73A7B4B}.Release|Any CPU.Build.0 = Release|Any CPU
		{36566752-80A6-439B-9A24-37CBC73A7B4B}.Release|x64.ActiveCfg = Release|Any CPU
		{36566752-80A6-439B-9A24-37CBC73A7B4B}.Release|x64.Build.0 = Release|Any CPU
		{36566752-80A6-439B-9A24-37CBC73A7B4B}.Release|x86.ActiveCfg = Release|Any CPU
		{36566752-80A6-439B-9A24-37CBC73A7B4B}.Release|x86.Build.0 = Release|Any CPU
		{377F908E-9397-459C-88C9-7428A4DB3069}.Debug|Any CPU.ActiveCfg = Debug|Any CPU
		{377F908E-9397-459C-88C9-7428A4DB3069}.Debug|Any CPU.Build.0 = Debug|Any CPU
		{377F908E-9397-459C-88C9-7428A4DB3069}.Debug|x64.ActiveCfg = Debug|Any CPU
		{377F908E-9397-459C-88C9-7428A4DB3069}.Debug|x64.Build.0 = Debug|Any CPU
		{377F908E-9397-459C-88C9-7428A4DB3069}.Debug|x86.ActiveCfg = Debug|Any CPU
		{377F908E-9397-459C-88C9-7428A4DB3069}.Debug|x86.Build.0 = Debug|Any CPU
		{377F908E-9397-459C-88C9-7428A4DB3069}.Release|Any CPU.ActiveCfg = Release|Any CPU
		{377F908E-9397-459C-88C9-7428A4DB3069}.Release|Any CPU.Build.0 = Release|Any CPU
		{377F908E-9397-459C-88C9-7428A4DB3069}.Release|x64.ActiveCfg = Release|Any CPU
		{377F908E-9397-459C-88C9-7428A4DB3069}.Release|x64.Build.0 = Release|Any CPU
		{377F908E-9397-459C-88C9-7428A4DB3069}.Release|x86.ActiveCfg = Release|Any CPU
		{377F908E-9397-459C-88C9-7428A4DB3069}.Release|x86.Build.0 = Release|Any CPU
	EndGlobalSection
	GlobalSection(SolutionProperties) = preSolution
		HideSolutionNode = FALSE
	EndGlobalSection
	GlobalSection(ExtensibilityGlobals) = postSolution
		SolutionGuid = {687D1D4F-123B-462B-9D4E-E2C601C03811}
	EndGlobalSection
EndGlobal
